
Microsoft Visual Studio Solution File, Format Version 12.00
# Visual Studio Version 16
VisualStudioVersion = 16.0.31402.337
MinimumVisualStudioVersion = 10.0.40219.1
Project("{8BC9CEB8-8B4A-11D0-8D11-00A0C91BC942}") = "SlidePuzzle", "SlidePuzzle\SlidePuzzle.vcxproj", "{74FB166D-C7D1-4532-B231-41DB57E68843}"
EndProject
Project("{8BC9CEB8-8B4A-11D0-8D11-00A0C91BC942}") = "Snake", "Snake\Snake.vcxproj", "{A6CC6D8C-1279-4F7C-B82E-50CF78D5833C}"
EndProject
Project("{8BC9CEB8-8B4A-11D0-8D11-00A0C91BC942}") = "WallNamPong", "WallNamPong\WallNamPong.vcxproj", "{755A704A-A2C4-416B-B1FB-EBA0C9B24E01}"
EndProject
Project("{8BC9CEB8-8B4A-11D0-8D11-00A0C91BC942}") = "ShopGame", "ShopGame\ShopGame.vcxproj", "{4A0D3DED-7465-455B-A812-EFAC9EEE060B}"
EndProject
Project("{8BC9CEB8-8B4A-11D0-8D11-00A0C91BC942}") = "WinAPI32", "WinAPI32\WinAPI32.vcxproj", "{E47F7F11-552A-49FA-A0CE-413D1C86EB63}"
EndProject
Project("{2150E333-8FDC-42A3-9474-1A3956D46DE8}") = "콘솔 프로젝트", "콘솔 프로젝트", "{3588E72D-8E2D-415D-ABF3-621877F40A39}"
EndProject
Project("{2150E333-8FDC-42A3-9474-1A3956D46DE8}") = "WinAPI 프로젝트", "WinAPI 프로젝트", "{D93EB742-7DB4-46E8-BF4B-7338F56059E8}"
EndProject
Project("{8BC9CEB8-8B4A-11D0-8D11-00A0C91BC942}") = "WinAPI_2 충돌게임 (점프 중력 마찰력구현)", "WinAPI_2\WinAPI_2.vcxproj", "{99BFCA41-42D6-4620-BA51-DBFA424DE14A}"
EndProject
Project("{8BC9CEB8-8B4A-11D0-8D11-00A0C91BC942}") = "WinAPI_3", "WinAPI_3\WinAPI_3.vcxproj", "{0086D412-CB6C-4819-A740-AF9F78BAF6F3}"
EndProject
Global
	GlobalSection(SolutionConfigurationPlatforms) = preSolution
		Debug|x64 = Debug|x64
		Debug|x86 = Debug|x86
		Release|x64 = Release|x64
		Release|x86 = Release|x86
	EndGlobalSection
	GlobalSection(ProjectConfigurationPlatforms) = postSolution
		{74FB166D-C7D1-4532-B231-41DB57E68843}.Debug|x64.ActiveCfg = Debug|x64
		{74FB166D-C7D1-4532-B231-41DB57E68843}.Debug|x64.Build.0 = Debug|x64
		{74FB166D-C7D1-4532-B231-41DB57E68843}.Debug|x86.ActiveCfg = Debug|Win32
		{74FB166D-C7D1-4532-B231-41DB57E68843}.Debug|x86.Build.0 = Debug|Win32
		{74FB166D-C7D1-4532-B231-41DB57E68843}.Release|x64.ActiveCfg = Release|x64
		{74FB166D-C7D1-4532-B231-41DB57E68843}.Release|x64.Build.0 = Release|x64
		{74FB166D-C7D1-4532-B231-41DB57E68843}.Release|x86.ActiveCfg = Release|Win32
		{74FB166D-C7D1-4532-B231-41DB57E68843}.Release|x86.Build.0 = Release|Win32
		{A6CC6D8C-1279-4F7C-B82E-50CF78D5833C}.Debug|x64.ActiveCfg = Debug|x64
		{A6CC6D8C-1279-4F7C-B82E-50CF78D5833C}.Debug|x64.Build.0 = Debug|x64
		{A6CC6D8C-1279-4F7C-B82E-50CF78D5833C}.Debug|x86.ActiveCfg = Debug|Win32
		{A6CC6D8C-1279-4F7C-B82E-50CF78D5833C}.Debug|x86.Build.0 = Debug|Win32
		{A6CC6D8C-1279-4F7C-B82E-50CF78D5833C}.Release|x64.ActiveCfg = Release|x64
		{A6CC6D8C-1279-4F7C-B82E-50CF78D5833C}.Release|x64.Build.0 = Release|x64
		{A6CC6D8C-1279-4F7C-B82E-50CF78D5833C}.Release|x86.ActiveCfg = Release|Win32
		{A6CC6D8C-1279-4F7C-B82E-50CF78D5833C}.Release|x86.Build.0 = Release|Win32
		{755A704A-A2C4-416B-B1FB-EBA0C9B24E01}.Debug|x64.ActiveCfg = Debug|x64
		{755A704A-A2C4-416B-B1FB-EBA0C9B24E01}.Debug|x64.Build.0 = Debug|x64
		{755A704A-A2C4-416B-B1FB-EBA0C9B24E01}.Debug|x86.ActiveCfg = Debug|Win32
		{755A704A-A2C4-416B-B1FB-EBA0C9B24E01}.Debug|x86.Build.0 = Debug|Win32
		{755A704A-A2C4-416B-B1FB-EBA0C9B24E01}.Release|x64.ActiveCfg = Release|x64
		{755A704A-A2C4-416B-B1FB-EBA0C9B24E01}.Release|x64.Build.0 = Release|x64
		{755A704A-A2C4-416B-B1FB-EBA0C9B24E01}.Release|x86.ActiveCfg = Release|Win32
		{755A704A-A2C4-416B-B1FB-EBA0C9B24E01}.Release|x86.Build.0 = Release|Win32
		{4A0D3DED-7465-455B-A812-EFAC9EEE060B}.Debug|x64.ActiveCfg = Debug|x64
		{4A0D3DED-7465-455B-A812-EFAC9EEE060B}.Debug|x64.Build.0 = Debug|x64
		{4A0D3DED-7465-455B-A812-EFAC9EEE060B}.Debug|x86.ActiveCfg = Debug|Win32
		{4A0D3DED-7465-455B-A812-EFAC9EEE060B}.Debug|x86.Build.0 = Debug|Win32
		{4A0D3DED-7465-455B-A812-EFAC9EEE060B}.Release|x64.ActiveCfg = Release|x64
		{4A0D3DED-7465-455B-A812-EFAC9EEE060B}.Release|x64.Build.0 = Release|x64
		{4A0D3DED-7465-455B-A812-EFAC9EEE060B}.Release|x86.ActiveCfg = Release|Win32
		{4A0D3DED-7465-455B-A812-EFAC9EEE060B}.Release|x86.Build.0 = Release|Win32
		{E47F7F11-552A-49FA-A0CE-413D1C86EB63}.Debug|x64.ActiveCfg = Debug|x64
		{E47F7F11-552A-49FA-A0CE-413D1C86EB63}.Debug|x64.Build.0 = Debug|x64
		{E47F7F11-552A-49FA-A0CE-413D1C86EB63}.Debug|x86.ActiveCfg = Debug|Win32
		{E47F7F11-552A-49FA-A0CE-413D1C86EB63}.Debug|x86.Build.0 = Debug|Win32
		{E47F7F11-552A-49FA-A0CE-413D1C86EB63}.Release|x64.ActiveCfg = Release|x64
		{E47F7F11-552A-49FA-A0CE-413D1C86EB63}.Release|x64.Build.0 = Release|x64
		{E47F7F11-552A-49FA-A0CE-413D1C86EB63}.Release|x86.ActiveCfg = Release|Win32
		{E47F7F11-552A-49FA-A0CE-413D1C86EB63}.Release|x86.Build.0 = Release|Win32
		{99BFCA41-42D6-4620-BA51-DBFA424DE14A}.Debug|x64.ActiveCfg = Debug|x64
		{99BFCA41-42D6-4620-BA51-DBFA424DE14A}.Debug|x64.Build.0 = Debug|x64
		{99BFCA41-42D6-4620-BA51-DBFA424DE14A}.Debug|x86.ActiveCfg = Debug|Win32
		{99BFCA41-42D6-4620-BA51-DBFA424DE14A}.Debug|x86.Build.0 = Debug|Win32
		{99BFCA41-42D6-4620-BA51-DBFA424DE14A}.Release|x64.ActiveCfg = Release|x64
		{99BFCA41-42D6-4620-BA51-DBFA424DE14A}.Release|x64.Build.0 = Release|x64
		{99BFCA41-42D6-4620-BA51-DBFA424DE14A}.Release|x86.ActiveCfg = Release|Win32
		{99BFCA41-42D6-4620-BA51-DBFA424DE14A}.Release|x86.Build.0 = Release|Win32
		{0086D412-CB6C-4819-A740-AF9F78BAF6F3}.Debug|x64.ActiveCfg = Debug|x64
		{0086D412-CB6C-4819-A740-AF9F78BAF6F3}.Debug|x64.Build.0 = Debug|x64
		{0086D412-CB6C-4819-A740-AF9F78BAF6F3}.Debug|x86.ActiveCfg = Debug|Win32
		{0086D412-CB6C-4819-A740-AF9F78BAF6F3}.Debug|x86.Build.0 = Debug|Win32
		{0086D412-CB6C-4819-A740-AF9F78BAF6F3}.Release|x64.ActiveCfg = Release|x64
		{0086D412-CB6C-4819-A740-AF9F78BAF6F3}.Release|x64.Build.0 = Release|x64
		{0086D412-CB6C-4819-A740-AF9F78BAF6F3}.Release|x86.ActiveCfg = Release|Win32
		{0086D412-CB6C-4819-A740-AF9F78BAF6F3}.Release|x86.Build.0 = Release|Win32
	EndGlobalSection
	GlobalSection(SolutionProperties) = preSolution
		HideSolutionNode = FALSE
	EndGlobalSection
	GlobalSection(NestedProjects) = preSolution
		{74FB166D-C7D1-4532-B231-41DB57E68843} = {3588E72D-8E2D-415D-ABF3-621877F40A39}
		{A6CC6D8C-1279-4F7C-B82E-50CF78D5833C} = {3588E72D-8E2D-415D-ABF3-621877F40A39}
		{755A704A-A2C4-416B-B1FB-EBA0C9B24E01} = {3588E72D-8E2D-415D-ABF3-621877F40A39}
		{E47F7F11-552A-49FA-A0CE-413D1C86EB63} = {D93EB742-7DB4-46E8-BF4B-7338F56059E8}
		{99BFCA41-42D6-4620-BA51-DBFA424DE14A} = {D93EB742-7DB4-46E8-BF4B-7338F56059E8}
		{0086D412-CB6C-4819-A740-AF9F78BAF6F3} = {D93EB742-7DB4-46E8-BF4B-7338F56059E8}
	EndGlobalSection
	GlobalSection(ExtensibilityGlobals) = postSolution
		SolutionGuid = {10CD0036-664A-412A-ABB2-EC3C529D7CF1}
	EndGlobalSection
EndGlobal
