
Microsoft Visual Studio Solution File, Format Version 12.00
# Visual Studio Version 16
VisualStudioVersion = 16.0.31129.286
MinimumVisualStudioVersion = 10.0.40219.1
Project("{8BC9CEB8-8B4A-11D0-8D11-00A0C91BC942}") = "Academy_20210602", "Academy_20210602\Academy_20210602.vcxproj", "{5B02451D-CA3E-4954-B730-95CE6634F363}"
EndProject
Project("{8BC9CEB8-8B4A-11D0-8D11-00A0C91BC942}") = "Acedemy_20210602_2", "Acedemy_20210602_2\Acedemy_20210602_2.vcxproj", "{C6A9A161-C379-4BA6-B23D-1D6FB4B77916}"
EndProject
Project("{8BC9CEB8-8B4A-11D0-8D11-00A0C91BC942}") = "Acedemy_20210603_1", "Acedemy_20210603_1\Acedemy_20210603_1.vcxproj", "{EBA6DAFB-DD83-40AA-87CD-498AC23305D8}"
EndProject
Project("{8BC9CEB8-8B4A-11D0-8D11-00A0C91BC942}") = "Acedemy_20210603_2", "Acedemy_20210603_2\Acedemy_20210603_2.vcxproj", "{7112D049-4B97-4B04-B2FC-27B4917A2BD6}"
EndProject
Project("{8BC9CEB8-8B4A-11D0-8D11-00A0C91BC942}") = "Acedemy_20210603_3", "Acedemy_20210603_3\Acedemy_20210603_3.vcxproj", "{7D81B776-30B0-4B68-A2D1-3E829A929FEC}"
EndProject
Project("{8BC9CEB8-8B4A-11D0-8D11-00A0C91BC942}") = "Acedemy_20210603_4", "Acedemy_20210603_4\Acedemy_20210603_4.vcxproj", "{13520EC7-4D02-4ADC-A963-3FEAE527975D}"
EndProject
Global
	GlobalSection(SolutionConfigurationPlatforms) = preSolution
		Debug|x64 = Debug|x64
		Debug|x86 = Debug|x86
		Release|x64 = Release|x64
		Release|x86 = Release|x86
	EndGlobalSection
	GlobalSection(ProjectConfigurationPlatforms) = postSolution
		{5B02451D-CA3E-4954-B730-95CE6634F363}.Debug|x64.ActiveCfg = Debug|x64
		{5B02451D-CA3E-4954-B730-95CE6634F363}.Debug|x64.Build.0 = Debug|x64
		{5B02451D-CA3E-4954-B730-95CE6634F363}.Debug|x86.ActiveCfg = Debug|Win32
		{5B02451D-CA3E-4954-B730-95CE6634F363}.Debug|x86.Build.0 = Debug|Win32
		{5B02451D-CA3E-4954-B730-95CE6634F363}.Release|x64.ActiveCfg = Release|x64
		{5B02451D-CA3E-4954-B730-95CE6634F363}.Release|x64.Build.0 = Release|x64
		{5B02451D-CA3E-4954-B730-95CE6634F363}.Release|x86.ActiveCfg = Release|Win32
		{5B02451D-CA3E-4954-B730-95CE6634F363}.Release|x86.Build.0 = Release|Win32
		{C6A9A161-C379-4BA6-B23D-1D6FB4B77916}.Debug|x64.ActiveCfg = Debug|x64
		{C6A9A161-C379-4BA6-B23D-1D6FB4B77916}.Debug|x64.Build.0 = Debug|x64
		{C6A9A161-C379-4BA6-B23D-1D6FB4B77916}.Debug|x86.ActiveCfg = Debug|Win32
		{C6A9A161-C379-4BA6-B23D-1D6FB4B77916}.Debug|x86.Build.0 = Debug|Win32
		{C6A9A161-C379-4BA6-B23D-1D6FB4B77916}.Release|x64.ActiveCfg = Release|x64
		{C6A9A161-C379-4BA6-B23D-1D6FB4B77916}.Release|x64.Build.0 = Release|x64
		{C6A9A161-C379-4BA6-B23D-1D6FB4B77916}.Release|x86.ActiveCfg = Release|Win32
		{C6A9A161-C379-4BA6-B23D-1D6FB4B77916}.Release|x86.Build.0 = Release|Win32
		{EBA6DAFB-DD83-40AA-87CD-498AC23305D8}.Debug|x64.ActiveCfg = Debug|x64
		{EBA6DAFB-DD83-40AA-87CD-498AC23305D8}.Debug|x64.Build.0 = Debug|x64
		{EBA6DAFB-DD83-40AA-87CD-498AC23305D8}.Debug|x86.ActiveCfg = Debug|Win32
		{EBA6DAFB-DD83-40AA-87CD-498AC23305D8}.Debug|x86.Build.0 = Debug|Win32
		{EBA6DAFB-DD83-40AA-87CD-498AC23305D8}.Release|x64.ActiveCfg = Release|x64
		{EBA6DAFB-DD83-40AA-87CD-498AC23305D8}.Release|x64.Build.0 = Release|x64
		{EBA6DAFB-DD83-40AA-87CD-498AC23305D8}.Release|x86.ActiveCfg = Release|Win32
		{EBA6DAFB-DD83-40AA-87CD-498AC23305D8}.Release|x86.Build.0 = Release|Win32
		{7112D049-4B97-4B04-B2FC-27B4917A2BD6}.Debug|x64.ActiveCfg = Debug|x64
		{7112D049-4B97-4B04-B2FC-27B4917A2BD6}.Debug|x64.Build.0 = Debug|x64
		{7112D049-4B97-4B04-B2FC-27B4917A2BD6}.Debug|x86.ActiveCfg = Debug|Win32
		{7112D049-4B97-4B04-B2FC-27B4917A2BD6}.Debug|x86.Build.0 = Debug|Win32
		{7112D049-4B97-4B04-B2FC-27B4917A2BD6}.Release|x64.ActiveCfg = Release|x64
		{7112D049-4B97-4B04-B2FC-27B4917A2BD6}.Release|x64.Build.0 = Release|x64
		{7112D049-4B97-4B04-B2FC-27B4917A2BD6}.Release|x86.ActiveCfg = Release|Win32
		{7112D049-4B97-4B04-B2FC-27B4917A2BD6}.Release|x86.Build.0 = Release|Win32
		{7D81B776-30B0-4B68-A2D1-3E829A929FEC}.Debug|x64.ActiveCfg = Debug|x64
		{7D81B776-30B0-4B68-A2D1-3E829A929FEC}.Debug|x64.Build.0 = Debug|x64
		{7D81B776-30B0-4B68-A2D1-3E829A929FEC}.Debug|x86.ActiveCfg = Debug|Win32
		{7D81B776-30B0-4B68-A2D1-3E829A929FEC}.Debug|x86.Build.0 = Debug|Win32
		{7D81B776-30B0-4B68-A2D1-3E829A929FEC}.Release|x64.ActiveCfg = Release|x64
		{7D81B776-30B0-4B68-A2D1-3E829A929FEC}.Release|x64.Build.0 = Release|x64
		{7D81B776-30B0-4B68-A2D1-3E829A929FEC}.Release|x86.ActiveCfg = Release|Win32
		{7D81B776-30B0-4B68-A2D1-3E829A929FEC}.Release|x86.Build.0 = Release|Win32
		{13520EC7-4D02-4ADC-A963-3FEAE527975D}.Debug|x64.ActiveCfg = Debug|x64
		{13520EC7-4D02-4ADC-A963-3FEAE527975D}.Debug|x64.Build.0 = Debug|x64
		{13520EC7-4D02-4ADC-A963-3FEAE527975D}.Debug|x86.ActiveCfg = Debug|Win32
		{13520EC7-4D02-4ADC-A963-3FEAE527975D}.Debug|x86.Build.0 = Debug|Win32
		{13520EC7-4D02-4ADC-A963-3FEAE527975D}.Release|x64.ActiveCfg = Release|x64
		{13520EC7-4D02-4ADC-A963-3FEAE527975D}.Release|x64.Build.0 = Release|x64
		{13520EC7-4D02-4ADC-A963-3FEAE527975D}.Release|x86.ActiveCfg = Release|Win32
		{13520EC7-4D02-4ADC-A963-3FEAE527975D}.Release|x86.Build.0 = Release|Win32
	EndGlobalSection
	GlobalSection(SolutionProperties) = preSolution
		HideSolutionNode = FALSE
	EndGlobalSection
	GlobalSection(ExtensibilityGlobals) = postSolution
		SolutionGuid = {096AD54C-23C6-4E4F-B9E3-5CEBACF9F432}
	EndGlobalSection
EndGlobal
