
Microsoft Visual Studio Solution File, Format Version 12.00
# Visual Studio Version 16
VisualStudioVersion = 16.0.31105.61
MinimumVisualStudioVersion = 10.0.40219.1
Project("{FAE04EC0-301F-11D3-BF4B-00C04F79EFBC}") = "Programmers", "Programmers\Programmers.csproj", "{3D9A4C12-A7ED-428C-87E4-7B26C7D01EC6}"
EndProject
Global
	GlobalSection(SolutionConfigurationPlatforms) = preSolution
		Debug|Any CPU = Debug|Any CPU
		Release|Any CPU = Release|Any CPU
	EndGlobalSection
	GlobalSection(ProjectConfigurationPlatforms) = postSolution
		{3D9A4C12-A7ED-428C-87E4-7B26C7D01EC6}.Debug|Any CPU.ActiveCfg = Debug|Any CPU
		{3D9A4C12-A7ED-428C-87E4-7B26C7D01EC6}.Debug|Any CPU.Build.0 = Debug|Any CPU
		{3D9A4C12-A7ED-428C-87E4-7B26C7D01EC6}.Release|Any CPU.ActiveCfg = Release|Any CPU
		{3D9A4C12-A7ED-428C-87E4-7B26C7D01EC6}.Release|Any CPU.Build.0 = Release|Any CPU
	EndGlobalSection
	GlobalSection(SolutionProperties) = preSolution
		HideSolutionNode = FALSE
	EndGlobalSection
	GlobalSection(ExtensibilityGlobals) = postSolution
		SolutionGuid = {92C7342E-5CF4-4864-9A6C-E2BA3E7876F3}
	EndGlobalSection
EndGlobal
