
Microsoft Visual Studio Solution File, Format Version 12.00
# Visual Studio Version 16
VisualStudioVersion = 16.0.31321.278
MinimumVisualStudioVersion = 10.0.40219.1
Project("{8BC9CEB8-8B4A-11D0-8D11-00A0C91BC942}") = "Academy_20210602", "Academy_20210602\Academy_20210602.vcxproj", "{5B02451D-CA3E-4954-B730-95CE6634F363}"
EndProject
Project("{8BC9CEB8-8B4A-11D0-8D11-00A0C91BC942}") = "Academy_20210602_2", "Acedemy_20210602_2\Acedemy_20210602_2.vcxproj", "{C6A9A161-C379-4BA6-B23D-1D6FB4B77916}"
EndProject
Project("{8BC9CEB8-8B4A-11D0-8D11-00A0C91BC942}") = "Academy_20210603_1", "Acedemy_20210603_1\Acedemy_20210603_1.vcxproj", "{EBA6DAFB-DD83-40AA-87CD-498AC23305D8}"
EndProject
Project("{8BC9CEB8-8B4A-11D0-8D11-00A0C91BC942}") = "Academy_20210603_2", "Acedemy_20210603_2\Acedemy_20210603_2.vcxproj", "{7112D049-4B97-4B04-B2FC-27B4917A2BD6}"
EndProject
Project("{8BC9CEB8-8B4A-11D0-8D11-00A0C91BC942}") = "Academy_20210603_3", "Acedemy_20210603_3\Acedemy_20210603_3.vcxproj", "{7D81B776-30B0-4B68-A2D1-3E829A929FEC}"
EndProject
Project("{8BC9CEB8-8B4A-11D0-8D11-00A0C91BC942}") = "Academy_20210603_4", "Acedemy_20210603_4\Acedemy_20210603_4.vcxproj", "{13520EC7-4D02-4ADC-A963-3FEAE527975D}"
EndProject
Project("{8BC9CEB8-8B4A-11D0-8D11-00A0C91BC942}") = "Academy_20210604_3", "Acedemy_20210604_3\Acedemy_20210604_3.vcxproj", "{6E8D710D-6A26-49C7-86F0-DDBBED0BCB94}"
EndProject
Project("{8BC9CEB8-8B4A-11D0-8D11-00A0C91BC942}") = "Academy_20210607_1", "Acedemy_20210607_1\Acedemy_20210607_1.vcxproj", "{49FFD440-FB84-414D-A50A-96420BE3B626}"
EndProject
Project("{8BC9CEB8-8B4A-11D0-8D11-00A0C91BC942}") = "Academy_20210607_2", "Acedemy_20210607_2\Acedemy_20210607_2.vcxproj", "{0DC7F20F-AA90-4DC2-B105-71D23F3C7624}"
EndProject
Project("{8BC9CEB8-8B4A-11D0-8D11-00A0C91BC942}") = "Academy_20210607_3", "Acedemy_20210607_3\Acedemy_20210607_3.vcxproj", "{296ED7C9-9186-41E7-B19D-F24AFE1B5265}"
EndProject
Project("{8BC9CEB8-8B4A-11D0-8D11-00A0C91BC942}") = "Academy_20210607_Overload", "Acedemy_20210607_Overload\Acedemy_20210607_Overload.vcxproj", "{4983EC10-44DD-4DD2-857A-DFAD791FC2FA}"
EndProject
Project("{8BC9CEB8-8B4A-11D0-8D11-00A0C91BC942}") = "Academy_20210607_Array", "Acedemy_20210607_Array\Acedemy_20210607_Array.vcxproj", "{B8CAC788-249C-4092-AE29-E811B25529CB}"
EndProject
Project("{8BC9CEB8-8B4A-11D0-8D11-00A0C91BC942}") = "Academy_20210607_Game", "Acedemy_20210607_Game\Acedemy_20210607_Game.vcxproj", "{A3EB3094-7246-4DBB-9F9C-0FD5A07FC990}"
EndProject
Project("{8BC9CEB8-8B4A-11D0-8D11-00A0C91BC942}") = "Academy_20210608_Array", "Acedemy_20210608\Acedemy_20210608.vcxproj", "{85758FEF-7488-4C58-979B-5BDD5BF706B8}"
EndProject
Project("{8BC9CEB8-8B4A-11D0-8D11-00A0C91BC942}") = "Academy_20210608_2", "Acedemy_20210608_2\Acedemy_20210608_2.vcxproj", "{CECF8982-BC1A-494C-AC9B-D27051B6BAF0}"
EndProject
Project("{8BC9CEB8-8B4A-11D0-8D11-00A0C91BC942}") = "Academy_20210608_HW_야구게임", "Acedemy_20210608_3\Acedemy_20210608_3.vcxproj", "{6E1A4BE7-C59A-4E02-8AFF-FEEBF2A46741}"
EndProject
Project("{8BC9CEB8-8B4A-11D0-8D11-00A0C91BC942}") = "Academy_20210608_suffle", "Acedemy_20210608_suffle\Acedemy_20210608_suffle.vcxproj", "{C6D8620C-85E0-4A55-A406-97D0D8DA298A}"
EndProject
Project("{8BC9CEB8-8B4A-11D0-8D11-00A0C91BC942}") = "Academy_20210609_Enum", "Acedemy_20210609\Acedemy_20210609.vcxproj", "{7385C02F-28C8-421C-9D61-94D6F0E00E1A}"
EndProject
Project("{8BC9CEB8-8B4A-11D0-8D11-00A0C91BC942}") = "Academy_20210609_Struct", "Acedemy_20210609_2\Acedemy_20210609_2.vcxproj", "{D20AD28C-F411-46A7-81FC-41ECDB371FB3}"
EndProject
Project("{8BC9CEB8-8B4A-11D0-8D11-00A0C91BC942}") = "Academy_20210609_Pointer_1", "Acedemy_20210609_3\Acedemy_20210609_3.vcxproj", "{F12F481C-5F19-48EE-AF81-6C35C27EFE69}"
EndProject
Project("{8BC9CEB8-8B4A-11D0-8D11-00A0C91BC942}") = "Academy_20210609_Pointer_2", "Acedemy_20210609_Pointer_2\Acedemy_20210609_Pointer_2.vcxproj", "{DC79CF6B-66B3-4C86-9424-BF8377311D10}"
EndProject
Project("{8BC9CEB8-8B4A-11D0-8D11-00A0C91BC942}") = "Academy_20210609_HW_빙고판", "Acedemy_20210609_HW\Acedemy_20210609_HW.vcxproj", "{DEF3C7FB-699A-4EA8-B915-7EF9DEAB2C63}"
EndProject
Project("{8BC9CEB8-8B4A-11D0-8D11-00A0C91BC942}") = "Academy_20210610_1 포인터", "Acedemy_20210610_1\Acedemy_20210610_1.vcxproj", "{D2E27ADD-36CB-4C7D-8A96-64ABA42A253D}"
EndProject
Project("{8BC9CEB8-8B4A-11D0-8D11-00A0C91BC942}") = "Academy_20210610_2 배열과 문자열", "Acedemy_20210610_2\Acedemy_20210610_2.vcxproj", "{4F4891E3-97F7-4D2E-9C4D-5A24E58914E9}"
EndProject
Project("{8BC9CEB8-8B4A-11D0-8D11-00A0C91BC942}") = "Academy_20210610_3 string", "Acedemy_20210610_3\Acedemy_20210610_3.vcxproj", "{82EFEC7A-A95F-4949-9AE7-234895C4408E}"
EndProject
Project("{8BC9CEB8-8B4A-11D0-8D11-00A0C91BC942}") = "Academy_20210610_4", "Acedemy_20210610_4\Acedemy_20210610_4.vcxproj", "{DC66120B-1DE8-4BCD-923F-B43F4EDBDF86}"
EndProject
Project("{8BC9CEB8-8B4A-11D0-8D11-00A0C91BC942}") = "Academy_20210610_5", "Acedemy_20210610_5\Acedemy_20210610_5.vcxproj", "{2064ED6D-FDA1-4B6C-A6A1-326D7B0661C0}"
EndProject
Project("{8BC9CEB8-8B4A-11D0-8D11-00A0C91BC942}") = "Academy_20210610_6_HW", "Acedemy_20210610_6_HW\Acedemy_20210610_6_HW.vcxproj", "{F9AB2C6C-4EA3-4DE2-B58B-C2622DDE2390}"
EndProject
Project("{8BC9CEB8-8B4A-11D0-8D11-00A0C91BC942}") = "Academy_20210611", "Academy_20210611\Academy_20210611.vcxproj", "{BB599917-F373-4543-B27F-F6A6E097A493}"
EndProject
Project("{8BC9CEB8-8B4A-11D0-8D11-00A0C91BC942}") = "Academy_20210611_1_동적메모리", "Academy_20210611_1\Academy_20210611_1.vcxproj", "{76337F88-114D-47B8-980C-A9931DDA2B7F}"
EndProject
Project("{8BC9CEB8-8B4A-11D0-8D11-00A0C91BC942}") = "Academy_20210611_2_클래스의 생성자", "Academy_20210611_2\Academy_20210611_2.vcxproj", "{8844D5EB-76DA-45D3-B6B7-CC5DC2EA7794}"
EndProject
Project("{8BC9CEB8-8B4A-11D0-8D11-00A0C91BC942}") = "Academy_20210611_3_사각형 그리기", "Academy_20210611_3\Academy_20210611_3.vcxproj", "{F0320CE4-B879-487E-AC1A-96FB70D60D50}"
EndProject
Project("{8BC9CEB8-8B4A-11D0-8D11-00A0C91BC942}") = "Academy_20210611_4_클래스 다중파일", "Academy_20210611_4\Academy_20210611_4.vcxproj", "{DB7AB51C-1D32-4DF9-A0AC-97CD3233FF21}"
EndProject
Project("{8BC9CEB8-8B4A-11D0-8D11-00A0C91BC942}") = "Academy_20210614_1 복사생성자,getset", "Academy_20210614_1\Academy_20210614_1.vcxproj", "{F4BAFF4F-3280-48C7-9668-816B27C6F20E}"
EndProject
Project("{8BC9CEB8-8B4A-11D0-8D11-00A0C91BC942}") = "Academy_20210614_2 깊은복사, 복사생성자", "Academy_20210614_2\Academy_20210614_2.vcxproj", "{0AEC2F10-23B3-4F75-8A1A-DE13761D1249}"
EndProject
Project("{8BC9CEB8-8B4A-11D0-8D11-00A0C91BC942}") = "Academy_20210614_HW", "Academy_20210614_HW\Academy_20210614_HW.vcxproj", "{3F25B53D-90F2-4B92-A84F-01F03D12C905}"
EndProject
Project("{8BC9CEB8-8B4A-11D0-8D11-00A0C91BC942}") = "Academy_20210611_HW_슬라이딩게임", "Academy_20210611_5\Academy_20210611_5.vcxproj", "{4BA52A5A-5850-4B6C-B4C1-17AD147AFB09}"
EndProject
Project("{8BC9CEB8-8B4A-11D0-8D11-00A0C91BC942}") = "Academy_20210615_1_상속", "Academy_20210615_1\Academy_20210615_1.vcxproj", "{2A7A9911-5997-4ED3-89BE-BAABDFAA073C}"
EndProject
Project("{8BC9CEB8-8B4A-11D0-8D11-00A0C91BC942}") = "Academy_20210615_2 오버라이딩", "Academy_20210615_2\Academy_20210615_2.vcxproj", "{924FFDE0-BE4C-4F4A-959C-A4F0A99E02FC}"
EndProject
Project("{8BC9CEB8-8B4A-11D0-8D11-00A0C91BC942}") = "Academy_20210615_3 가상함수(동적바인딩)", "Academy_20210615_3\Academy_20210615_3.vcxproj", "{3A64154D-BE1E-46DF-932A-C70D6722718B}"
EndProject
Project("{8BC9CEB8-8B4A-11D0-8D11-00A0C91BC942}") = "Academy_20210616_1 다중상속", "Academy_20210616_1\Academy_20210616_1.vcxproj", "{F4BD791E-5E49-4474-8AAF-7CEEBA50549A}"
EndProject
Project("{8BC9CEB8-8B4A-11D0-8D11-00A0C91BC942}") = "Academy_20210616_2 순수가상함수", "Academy_20210616_2\Academy_20210616_2.vcxproj", "{202ADC55-05B9-4A4A-BA10-4BE16B0BE3F3}"
EndProject
Project("{8BC9CEB8-8B4A-11D0-8D11-00A0C91BC942}") = "Academy_20210616_3 연산자 오버로딩", "Academy_20210616_3\Academy_20210616_3.vcxproj", "{5A1CE693-3B20-46AD-AF3D-F485F24F5467}"
EndProject
Project("{8BC9CEB8-8B4A-11D0-8D11-00A0C91BC942}") = "Academy_20210617_1 템플릿 )template)", "Academy_20210617_1\Academy_20210617_1.vcxproj", "{2C5C14B6-5ACC-48EA-8D13-3B80F687CEB6}"
EndProject
Project("{8BC9CEB8-8B4A-11D0-8D11-00A0C91BC942}") = "Academy_20210617_2 STL Vector", "Academy_20210617_2\Academy_20210617_2.vcxproj", "{5F3C4CBF-9B15-44DE-86A0-5FC7D8EE742B}"
EndProject
Project("{8BC9CEB8-8B4A-11D0-8D11-00A0C91BC942}") = "Academy_20210617_3 STL 이터레이터 반복자", "Academy_20210617_3\Academy_20210617_3.vcxproj", "{6CF8B1D7-82EC-442D-B49D-C1F74118C30D}"
EndProject
Project("{8BC9CEB8-8B4A-11D0-8D11-00A0C91BC942}") = "Academy_20210617_4_아이템+인벤+상점", "Academy_20210617_4\Academy_20210617_4.vcxproj", "{78895EC7-AD77-4C99-B234-6DD1661F5BB2}"
EndProject
Project("{8BC9CEB8-8B4A-11D0-8D11-00A0C91BC942}") = "Academy_20210621 인벤 시스템 실험", "Academy_20210621\Academy_20210621.vcxproj", "{8C97FA45-8ACC-451B-8AF6-EFC22C7C6E4C}"
EndProject
Project("{8BC9CEB8-8B4A-11D0-8D11-00A0C91BC942}") = "Academy_20210621_2_SLL, RecursiveSLL", "Academy_20210621_2\Academy_20210621_2.vcxproj", "{3893F072-F725-478D-B9E3-8C0D5AE29CFA}"
EndProject
Project("{8BC9CEB8-8B4A-11D0-8D11-00A0C91BC942}") = "Academy_20210621_3_Queue", "Academy_20210621_3\Academy_20210621_3.vcxproj", "{95BA421A-B1FA-4841-8AAF-5F439FD5C43E}"
EndProject
Project("{8BC9CEB8-8B4A-11D0-8D11-00A0C91BC942}") = "Academy_20210622_1 Tree", "Academy_20210622_1\Academy_20210622_1.vcxproj", "{1D3DAA2F-4EA6-4E11-8C47-93378C1A46BF}"
EndProject
Project("{8BC9CEB8-8B4A-11D0-8D11-00A0C91BC942}") = "Academy_20210621_1 List", "Academy_20210621_1\Academy_20210621_1.vcxproj", "{D8079F65-FD3F-4BAC-8726-79CC34DF06C0}"
EndProject
Project("{8BC9CEB8-8B4A-11D0-8D11-00A0C91BC942}") = "Academy_20210622_2", "Academy_20210622_2\Academy_20210622_2.vcxproj", "{B9F0C96F-4010-4017-AB07-86676E398D6B}"
EndProject
Project("{8BC9CEB8-8B4A-11D0-8D11-00A0C91BC942}") = "Academy_20210622_3", "Academy_20210622_3\Academy_20210622_3.vcxproj", "{C5A3865E-B1EA-4D01-A1DF-9EA03883F5B3}"
EndProject
Project("{8BC9CEB8-8B4A-11D0-8D11-00A0C91BC942}") = "Academy_20210622_4", "Academy_20210622_4\Academy_20210622_4.vcxproj", "{102381EB-CEAC-4F6F-88CE-7B0876FABC5B}"
EndProject
Project("{8BC9CEB8-8B4A-11D0-8D11-00A0C91BC942}") = "Academy_20210623_1", "Academy_20210623_1\Academy_20210623_1.vcxproj", "{BF299FD0-A492-476F-94BC-B42F21089442}"
EndProject
Global
	GlobalSection(SolutionConfigurationPlatforms) = preSolution
		Debug|x64 = Debug|x64
		Debug|x86 = Debug|x86
		Release|x64 = Release|x64
		Release|x86 = Release|x86
	EndGlobalSection
	GlobalSection(ProjectConfigurationPlatforms) = postSolution
		{5B02451D-CA3E-4954-B730-95CE6634F363}.Debug|x64.ActiveCfg = Debug|x64
		{5B02451D-CA3E-4954-B730-95CE6634F363}.Debug|x64.Build.0 = Debug|x64
		{5B02451D-CA3E-4954-B730-95CE6634F363}.Debug|x86.ActiveCfg = Debug|Win32
		{5B02451D-CA3E-4954-B730-95CE6634F363}.Debug|x86.Build.0 = Debug|Win32
		{5B02451D-CA3E-4954-B730-95CE6634F363}.Release|x64.ActiveCfg = Release|x64
		{5B02451D-CA3E-4954-B730-95CE6634F363}.Release|x64.Build.0 = Release|x64
		{5B02451D-CA3E-4954-B730-95CE6634F363}.Release|x86.ActiveCfg = Release|Win32
		{5B02451D-CA3E-4954-B730-95CE6634F363}.Release|x86.Build.0 = Release|Win32
		{C6A9A161-C379-4BA6-B23D-1D6FB4B77916}.Debug|x64.ActiveCfg = Debug|x64
		{C6A9A161-C379-4BA6-B23D-1D6FB4B77916}.Debug|x64.Build.0 = Debug|x64
		{C6A9A161-C379-4BA6-B23D-1D6FB4B77916}.Debug|x86.ActiveCfg = Debug|Win32
		{C6A9A161-C379-4BA6-B23D-1D6FB4B77916}.Debug|x86.Build.0 = Debug|Win32
		{C6A9A161-C379-4BA6-B23D-1D6FB4B77916}.Release|x64.ActiveCfg = Release|x64
		{C6A9A161-C379-4BA6-B23D-1D6FB4B77916}.Release|x64.Build.0 = Release|x64
		{C6A9A161-C379-4BA6-B23D-1D6FB4B77916}.Release|x86.ActiveCfg = Release|Win32
		{C6A9A161-C379-4BA6-B23D-1D6FB4B77916}.Release|x86.Build.0 = Release|Win32
		{EBA6DAFB-DD83-40AA-87CD-498AC23305D8}.Debug|x64.ActiveCfg = Debug|x64
		{EBA6DAFB-DD83-40AA-87CD-498AC23305D8}.Debug|x64.Build.0 = Debug|x64
		{EBA6DAFB-DD83-40AA-87CD-498AC23305D8}.Debug|x86.ActiveCfg = Debug|Win32
		{EBA6DAFB-DD83-40AA-87CD-498AC23305D8}.Debug|x86.Build.0 = Debug|Win32
		{EBA6DAFB-DD83-40AA-87CD-498AC23305D8}.Release|x64.ActiveCfg = Release|x64
		{EBA6DAFB-DD83-40AA-87CD-498AC23305D8}.Release|x64.Build.0 = Release|x64
		{EBA6DAFB-DD83-40AA-87CD-498AC23305D8}.Release|x86.ActiveCfg = Release|Win32
		{EBA6DAFB-DD83-40AA-87CD-498AC23305D8}.Release|x86.Build.0 = Release|Win32
		{7112D049-4B97-4B04-B2FC-27B4917A2BD6}.Debug|x64.ActiveCfg = Debug|x64
		{7112D049-4B97-4B04-B2FC-27B4917A2BD6}.Debug|x64.Build.0 = Debug|x64
		{7112D049-4B97-4B04-B2FC-27B4917A2BD6}.Debug|x86.ActiveCfg = Debug|Win32
		{7112D049-4B97-4B04-B2FC-27B4917A2BD6}.Debug|x86.Build.0 = Debug|Win32
		{7112D049-4B97-4B04-B2FC-27B4917A2BD6}.Release|x64.ActiveCfg = Release|x64
		{7112D049-4B97-4B04-B2FC-27B4917A2BD6}.Release|x64.Build.0 = Release|x64
		{7112D049-4B97-4B04-B2FC-27B4917A2BD6}.Release|x86.ActiveCfg = Release|Win32
		{7112D049-4B97-4B04-B2FC-27B4917A2BD6}.Release|x86.Build.0 = Release|Win32
		{7D81B776-30B0-4B68-A2D1-3E829A929FEC}.Debug|x64.ActiveCfg = Debug|x64
		{7D81B776-30B0-4B68-A2D1-3E829A929FEC}.Debug|x64.Build.0 = Debug|x64
		{7D81B776-30B0-4B68-A2D1-3E829A929FEC}.Debug|x86.ActiveCfg = Debug|Win32
		{7D81B776-30B0-4B68-A2D1-3E829A929FEC}.Debug|x86.Build.0 = Debug|Win32
		{7D81B776-30B0-4B68-A2D1-3E829A929FEC}.Release|x64.ActiveCfg = Release|x64
		{7D81B776-30B0-4B68-A2D1-3E829A929FEC}.Release|x64.Build.0 = Release|x64
		{7D81B776-30B0-4B68-A2D1-3E829A929FEC}.Release|x86.ActiveCfg = Release|Win32
		{7D81B776-30B0-4B68-A2D1-3E829A929FEC}.Release|x86.Build.0 = Release|Win32
		{13520EC7-4D02-4ADC-A963-3FEAE527975D}.Debug|x64.ActiveCfg = Debug|x64
		{13520EC7-4D02-4ADC-A963-3FEAE527975D}.Debug|x64.Build.0 = Debug|x64
		{13520EC7-4D02-4ADC-A963-3FEAE527975D}.Debug|x86.ActiveCfg = Debug|Win32
		{13520EC7-4D02-4ADC-A963-3FEAE527975D}.Debug|x86.Build.0 = Debug|Win32
		{13520EC7-4D02-4ADC-A963-3FEAE527975D}.Release|x64.ActiveCfg = Release|x64
		{13520EC7-4D02-4ADC-A963-3FEAE527975D}.Release|x64.Build.0 = Release|x64
		{13520EC7-4D02-4ADC-A963-3FEAE527975D}.Release|x86.ActiveCfg = Release|Win32
		{13520EC7-4D02-4ADC-A963-3FEAE527975D}.Release|x86.Build.0 = Release|Win32
		{6E8D710D-6A26-49C7-86F0-DDBBED0BCB94}.Debug|x64.ActiveCfg = Debug|x64
		{6E8D710D-6A26-49C7-86F0-DDBBED0BCB94}.Debug|x64.Build.0 = Debug|x64
		{6E8D710D-6A26-49C7-86F0-DDBBED0BCB94}.Debug|x86.ActiveCfg = Debug|Win32
		{6E8D710D-6A26-49C7-86F0-DDBBED0BCB94}.Debug|x86.Build.0 = Debug|Win32
		{6E8D710D-6A26-49C7-86F0-DDBBED0BCB94}.Release|x64.ActiveCfg = Release|x64
		{6E8D710D-6A26-49C7-86F0-DDBBED0BCB94}.Release|x64.Build.0 = Release|x64
		{6E8D710D-6A26-49C7-86F0-DDBBED0BCB94}.Release|x86.ActiveCfg = Release|Win32
		{6E8D710D-6A26-49C7-86F0-DDBBED0BCB94}.Release|x86.Build.0 = Release|Win32
		{49FFD440-FB84-414D-A50A-96420BE3B626}.Debug|x64.ActiveCfg = Debug|x64
		{49FFD440-FB84-414D-A50A-96420BE3B626}.Debug|x64.Build.0 = Debug|x64
		{49FFD440-FB84-414D-A50A-96420BE3B626}.Debug|x86.ActiveCfg = Debug|Win32
		{49FFD440-FB84-414D-A50A-96420BE3B626}.Debug|x86.Build.0 = Debug|Win32
		{49FFD440-FB84-414D-A50A-96420BE3B626}.Release|x64.ActiveCfg = Release|x64
		{49FFD440-FB84-414D-A50A-96420BE3B626}.Release|x64.Build.0 = Release|x64
		{49FFD440-FB84-414D-A50A-96420BE3B626}.Release|x86.ActiveCfg = Release|Win32
		{49FFD440-FB84-414D-A50A-96420BE3B626}.Release|x86.Build.0 = Release|Win32
		{0DC7F20F-AA90-4DC2-B105-71D23F3C7624}.Debug|x64.ActiveCfg = Debug|x64
		{0DC7F20F-AA90-4DC2-B105-71D23F3C7624}.Debug|x64.Build.0 = Debug|x64
		{0DC7F20F-AA90-4DC2-B105-71D23F3C7624}.Debug|x86.ActiveCfg = Debug|Win32
		{0DC7F20F-AA90-4DC2-B105-71D23F3C7624}.Debug|x86.Build.0 = Debug|Win32
		{0DC7F20F-AA90-4DC2-B105-71D23F3C7624}.Release|x64.ActiveCfg = Release|x64
		{0DC7F20F-AA90-4DC2-B105-71D23F3C7624}.Release|x64.Build.0 = Release|x64
		{0DC7F20F-AA90-4DC2-B105-71D23F3C7624}.Release|x86.ActiveCfg = Release|Win32
		{0DC7F20F-AA90-4DC2-B105-71D23F3C7624}.Release|x86.Build.0 = Release|Win32
		{296ED7C9-9186-41E7-B19D-F24AFE1B5265}.Debug|x64.ActiveCfg = Debug|x64
		{296ED7C9-9186-41E7-B19D-F24AFE1B5265}.Debug|x64.Build.0 = Debug|x64
		{296ED7C9-9186-41E7-B19D-F24AFE1B5265}.Debug|x86.ActiveCfg = Debug|Win32
		{296ED7C9-9186-41E7-B19D-F24AFE1B5265}.Debug|x86.Build.0 = Debug|Win32
		{296ED7C9-9186-41E7-B19D-F24AFE1B5265}.Release|x64.ActiveCfg = Release|x64
		{296ED7C9-9186-41E7-B19D-F24AFE1B5265}.Release|x64.Build.0 = Release|x64
		{296ED7C9-9186-41E7-B19D-F24AFE1B5265}.Release|x86.ActiveCfg = Release|Win32
		{296ED7C9-9186-41E7-B19D-F24AFE1B5265}.Release|x86.Build.0 = Release|Win32
		{4983EC10-44DD-4DD2-857A-DFAD791FC2FA}.Debug|x64.ActiveCfg = Debug|x64
		{4983EC10-44DD-4DD2-857A-DFAD791FC2FA}.Debug|x64.Build.0 = Debug|x64
		{4983EC10-44DD-4DD2-857A-DFAD791FC2FA}.Debug|x86.ActiveCfg = Debug|Win32
		{4983EC10-44DD-4DD2-857A-DFAD791FC2FA}.Debug|x86.Build.0 = Debug|Win32
		{4983EC10-44DD-4DD2-857A-DFAD791FC2FA}.Release|x64.ActiveCfg = Release|x64
		{4983EC10-44DD-4DD2-857A-DFAD791FC2FA}.Release|x64.Build.0 = Release|x64
		{4983EC10-44DD-4DD2-857A-DFAD791FC2FA}.Release|x86.ActiveCfg = Release|Win32
		{4983EC10-44DD-4DD2-857A-DFAD791FC2FA}.Release|x86.Build.0 = Release|Win32
		{B8CAC788-249C-4092-AE29-E811B25529CB}.Debug|x64.ActiveCfg = Debug|x64
		{B8CAC788-249C-4092-AE29-E811B25529CB}.Debug|x64.Build.0 = Debug|x64
		{B8CAC788-249C-4092-AE29-E811B25529CB}.Debug|x86.ActiveCfg = Debug|Win32
		{B8CAC788-249C-4092-AE29-E811B25529CB}.Debug|x86.Build.0 = Debug|Win32
		{B8CAC788-249C-4092-AE29-E811B25529CB}.Release|x64.ActiveCfg = Release|x64
		{B8CAC788-249C-4092-AE29-E811B25529CB}.Release|x64.Build.0 = Release|x64
		{B8CAC788-249C-4092-AE29-E811B25529CB}.Release|x86.ActiveCfg = Release|Win32
		{B8CAC788-249C-4092-AE29-E811B25529CB}.Release|x86.Build.0 = Release|Win32
		{A3EB3094-7246-4DBB-9F9C-0FD5A07FC990}.Debug|x64.ActiveCfg = Debug|x64
		{A3EB3094-7246-4DBB-9F9C-0FD5A07FC990}.Debug|x64.Build.0 = Debug|x64
		{A3EB3094-7246-4DBB-9F9C-0FD5A07FC990}.Debug|x86.ActiveCfg = Debug|Win32
		{A3EB3094-7246-4DBB-9F9C-0FD5A07FC990}.Debug|x86.Build.0 = Debug|Win32
		{A3EB3094-7246-4DBB-9F9C-0FD5A07FC990}.Release|x64.ActiveCfg = Release|x64
		{A3EB3094-7246-4DBB-9F9C-0FD5A07FC990}.Release|x64.Build.0 = Release|x64
		{A3EB3094-7246-4DBB-9F9C-0FD5A07FC990}.Release|x86.ActiveCfg = Release|Win32
		{A3EB3094-7246-4DBB-9F9C-0FD5A07FC990}.Release|x86.Build.0 = Release|Win32
		{85758FEF-7488-4C58-979B-5BDD5BF706B8}.Debug|x64.ActiveCfg = Debug|x64
		{85758FEF-7488-4C58-979B-5BDD5BF706B8}.Debug|x64.Build.0 = Debug|x64
		{85758FEF-7488-4C58-979B-5BDD5BF706B8}.Debug|x86.ActiveCfg = Debug|Win32
		{85758FEF-7488-4C58-979B-5BDD5BF706B8}.Debug|x86.Build.0 = Debug|Win32
		{85758FEF-7488-4C58-979B-5BDD5BF706B8}.Release|x64.ActiveCfg = Release|x64
		{85758FEF-7488-4C58-979B-5BDD5BF706B8}.Release|x64.Build.0 = Release|x64
		{85758FEF-7488-4C58-979B-5BDD5BF706B8}.Release|x86.ActiveCfg = Release|Win32
		{85758FEF-7488-4C58-979B-5BDD5BF706B8}.Release|x86.Build.0 = Release|Win32
		{CECF8982-BC1A-494C-AC9B-D27051B6BAF0}.Debug|x64.ActiveCfg = Debug|x64
		{CECF8982-BC1A-494C-AC9B-D27051B6BAF0}.Debug|x64.Build.0 = Debug|x64
		{CECF8982-BC1A-494C-AC9B-D27051B6BAF0}.Debug|x86.ActiveCfg = Debug|Win32
		{CECF8982-BC1A-494C-AC9B-D27051B6BAF0}.Debug|x86.Build.0 = Debug|Win32
		{CECF8982-BC1A-494C-AC9B-D27051B6BAF0}.Release|x64.ActiveCfg = Release|x64
		{CECF8982-BC1A-494C-AC9B-D27051B6BAF0}.Release|x64.Build.0 = Release|x64
		{CECF8982-BC1A-494C-AC9B-D27051B6BAF0}.Release|x86.ActiveCfg = Release|Win32
		{CECF8982-BC1A-494C-AC9B-D27051B6BAF0}.Release|x86.Build.0 = Release|Win32
		{6E1A4BE7-C59A-4E02-8AFF-FEEBF2A46741}.Debug|x64.ActiveCfg = Debug|x64
		{6E1A4BE7-C59A-4E02-8AFF-FEEBF2A46741}.Debug|x64.Build.0 = Debug|x64
		{6E1A4BE7-C59A-4E02-8AFF-FEEBF2A46741}.Debug|x86.ActiveCfg = Debug|Win32
		{6E1A4BE7-C59A-4E02-8AFF-FEEBF2A46741}.Debug|x86.Build.0 = Debug|Win32
		{6E1A4BE7-C59A-4E02-8AFF-FEEBF2A46741}.Release|x64.ActiveCfg = Release|x64
		{6E1A4BE7-C59A-4E02-8AFF-FEEBF2A46741}.Release|x64.Build.0 = Release|x64
		{6E1A4BE7-C59A-4E02-8AFF-FEEBF2A46741}.Release|x86.ActiveCfg = Release|Win32
		{6E1A4BE7-C59A-4E02-8AFF-FEEBF2A46741}.Release|x86.Build.0 = Release|Win32
		{C6D8620C-85E0-4A55-A406-97D0D8DA298A}.Debug|x64.ActiveCfg = Debug|x64
		{C6D8620C-85E0-4A55-A406-97D0D8DA298A}.Debug|x64.Build.0 = Debug|x64
		{C6D8620C-85E0-4A55-A406-97D0D8DA298A}.Debug|x86.ActiveCfg = Debug|Win32
		{C6D8620C-85E0-4A55-A406-97D0D8DA298A}.Debug|x86.Build.0 = Debug|Win32
		{C6D8620C-85E0-4A55-A406-97D0D8DA298A}.Release|x64.ActiveCfg = Release|x64
		{C6D8620C-85E0-4A55-A406-97D0D8DA298A}.Release|x64.Build.0 = Release|x64
		{C6D8620C-85E0-4A55-A406-97D0D8DA298A}.Release|x86.ActiveCfg = Release|Win32
		{C6D8620C-85E0-4A55-A406-97D0D8DA298A}.Release|x86.Build.0 = Release|Win32
		{7385C02F-28C8-421C-9D61-94D6F0E00E1A}.Debug|x64.ActiveCfg = Debug|x64
		{7385C02F-28C8-421C-9D61-94D6F0E00E1A}.Debug|x64.Build.0 = Debug|x64
		{7385C02F-28C8-421C-9D61-94D6F0E00E1A}.Debug|x86.ActiveCfg = Debug|Win32
		{7385C02F-28C8-421C-9D61-94D6F0E00E1A}.Debug|x86.Build.0 = Debug|Win32
		{7385C02F-28C8-421C-9D61-94D6F0E00E1A}.Release|x64.ActiveCfg = Release|x64
		{7385C02F-28C8-421C-9D61-94D6F0E00E1A}.Release|x64.Build.0 = Release|x64
		{7385C02F-28C8-421C-9D61-94D6F0E00E1A}.Release|x86.ActiveCfg = Release|Win32
		{7385C02F-28C8-421C-9D61-94D6F0E00E1A}.Release|x86.Build.0 = Release|Win32
		{D20AD28C-F411-46A7-81FC-41ECDB371FB3}.Debug|x64.ActiveCfg = Debug|x64
		{D20AD28C-F411-46A7-81FC-41ECDB371FB3}.Debug|x64.Build.0 = Debug|x64
		{D20AD28C-F411-46A7-81FC-41ECDB371FB3}.Debug|x86.ActiveCfg = Debug|Win32
		{D20AD28C-F411-46A7-81FC-41ECDB371FB3}.Debug|x86.Build.0 = Debug|Win32
		{D20AD28C-F411-46A7-81FC-41ECDB371FB3}.Release|x64.ActiveCfg = Release|x64
		{D20AD28C-F411-46A7-81FC-41ECDB371FB3}.Release|x64.Build.0 = Release|x64
		{D20AD28C-F411-46A7-81FC-41ECDB371FB3}.Release|x86.ActiveCfg = Release|Win32
		{D20AD28C-F411-46A7-81FC-41ECDB371FB3}.Release|x86.Build.0 = Release|Win32
		{F12F481C-5F19-48EE-AF81-6C35C27EFE69}.Debug|x64.ActiveCfg = Debug|x64
		{F12F481C-5F19-48EE-AF81-6C35C27EFE69}.Debug|x64.Build.0 = Debug|x64
		{F12F481C-5F19-48EE-AF81-6C35C27EFE69}.Debug|x86.ActiveCfg = Debug|Win32
		{F12F481C-5F19-48EE-AF81-6C35C27EFE69}.Debug|x86.Build.0 = Debug|Win32
		{F12F481C-5F19-48EE-AF81-6C35C27EFE69}.Release|x64.ActiveCfg = Release|x64
		{F12F481C-5F19-48EE-AF81-6C35C27EFE69}.Release|x64.Build.0 = Release|x64
		{F12F481C-5F19-48EE-AF81-6C35C27EFE69}.Release|x86.ActiveCfg = Release|Win32
		{F12F481C-5F19-48EE-AF81-6C35C27EFE69}.Release|x86.Build.0 = Release|Win32
		{DC79CF6B-66B3-4C86-9424-BF8377311D10}.Debug|x64.ActiveCfg = Debug|x64
		{DC79CF6B-66B3-4C86-9424-BF8377311D10}.Debug|x64.Build.0 = Debug|x64
		{DC79CF6B-66B3-4C86-9424-BF8377311D10}.Debug|x86.ActiveCfg = Debug|Win32
		{DC79CF6B-66B3-4C86-9424-BF8377311D10}.Debug|x86.Build.0 = Debug|Win32
		{DC79CF6B-66B3-4C86-9424-BF8377311D10}.Release|x64.ActiveCfg = Release|x64
		{DC79CF6B-66B3-4C86-9424-BF8377311D10}.Release|x64.Build.0 = Release|x64
		{DC79CF6B-66B3-4C86-9424-BF8377311D10}.Release|x86.ActiveCfg = Release|Win32
		{DC79CF6B-66B3-4C86-9424-BF8377311D10}.Release|x86.Build.0 = Release|Win32
		{DEF3C7FB-699A-4EA8-B915-7EF9DEAB2C63}.Debug|x64.ActiveCfg = Debug|x64
		{DEF3C7FB-699A-4EA8-B915-7EF9DEAB2C63}.Debug|x64.Build.0 = Debug|x64
		{DEF3C7FB-699A-4EA8-B915-7EF9DEAB2C63}.Debug|x86.ActiveCfg = Debug|Win32
		{DEF3C7FB-699A-4EA8-B915-7EF9DEAB2C63}.Debug|x86.Build.0 = Debug|Win32
		{DEF3C7FB-699A-4EA8-B915-7EF9DEAB2C63}.Release|x64.ActiveCfg = Release|x64
		{DEF3C7FB-699A-4EA8-B915-7EF9DEAB2C63}.Release|x64.Build.0 = Release|x64
		{DEF3C7FB-699A-4EA8-B915-7EF9DEAB2C63}.Release|x86.ActiveCfg = Release|Win32
		{DEF3C7FB-699A-4EA8-B915-7EF9DEAB2C63}.Release|x86.Build.0 = Release|Win32
		{D2E27ADD-36CB-4C7D-8A96-64ABA42A253D}.Debug|x64.ActiveCfg = Debug|x64
		{D2E27ADD-36CB-4C7D-8A96-64ABA42A253D}.Debug|x64.Build.0 = Debug|x64
		{D2E27ADD-36CB-4C7D-8A96-64ABA42A253D}.Debug|x86.ActiveCfg = Debug|Win32
		{D2E27ADD-36CB-4C7D-8A96-64ABA42A253D}.Debug|x86.Build.0 = Debug|Win32
		{D2E27ADD-36CB-4C7D-8A96-64ABA42A253D}.Release|x64.ActiveCfg = Release|x64
		{D2E27ADD-36CB-4C7D-8A96-64ABA42A253D}.Release|x64.Build.0 = Release|x64
		{D2E27ADD-36CB-4C7D-8A96-64ABA42A253D}.Release|x86.ActiveCfg = Release|Win32
		{D2E27ADD-36CB-4C7D-8A96-64ABA42A253D}.Release|x86.Build.0 = Release|Win32
		{4F4891E3-97F7-4D2E-9C4D-5A24E58914E9}.Debug|x64.ActiveCfg = Debug|x64
		{4F4891E3-97F7-4D2E-9C4D-5A24E58914E9}.Debug|x64.Build.0 = Debug|x64
		{4F4891E3-97F7-4D2E-9C4D-5A24E58914E9}.Debug|x86.ActiveCfg = Debug|Win32
		{4F4891E3-97F7-4D2E-9C4D-5A24E58914E9}.Debug|x86.Build.0 = Debug|Win32
		{4F4891E3-97F7-4D2E-9C4D-5A24E58914E9}.Release|x64.ActiveCfg = Release|x64
		{4F4891E3-97F7-4D2E-9C4D-5A24E58914E9}.Release|x64.Build.0 = Release|x64
		{4F4891E3-97F7-4D2E-9C4D-5A24E58914E9}.Release|x86.ActiveCfg = Release|Win32
		{4F4891E3-97F7-4D2E-9C4D-5A24E58914E9}.Release|x86.Build.0 = Release|Win32
		{82EFEC7A-A95F-4949-9AE7-234895C4408E}.Debug|x64.ActiveCfg = Debug|x64
		{82EFEC7A-A95F-4949-9AE7-234895C4408E}.Debug|x64.Build.0 = Debug|x64
		{82EFEC7A-A95F-4949-9AE7-234895C4408E}.Debug|x86.ActiveCfg = Debug|Win32
		{82EFEC7A-A95F-4949-9AE7-234895C4408E}.Debug|x86.Build.0 = Debug|Win32
		{82EFEC7A-A95F-4949-9AE7-234895C4408E}.Release|x64.ActiveCfg = Release|x64
		{82EFEC7A-A95F-4949-9AE7-234895C4408E}.Release|x64.Build.0 = Release|x64
		{82EFEC7A-A95F-4949-9AE7-234895C4408E}.Release|x86.ActiveCfg = Release|Win32
		{82EFEC7A-A95F-4949-9AE7-234895C4408E}.Release|x86.Build.0 = Release|Win32
		{DC66120B-1DE8-4BCD-923F-B43F4EDBDF86}.Debug|x64.ActiveCfg = Debug|x64
		{DC66120B-1DE8-4BCD-923F-B43F4EDBDF86}.Debug|x64.Build.0 = Debug|x64
		{DC66120B-1DE8-4BCD-923F-B43F4EDBDF86}.Debug|x86.ActiveCfg = Debug|Win32
		{DC66120B-1DE8-4BCD-923F-B43F4EDBDF86}.Debug|x86.Build.0 = Debug|Win32
		{DC66120B-1DE8-4BCD-923F-B43F4EDBDF86}.Release|x64.ActiveCfg = Release|x64
		{DC66120B-1DE8-4BCD-923F-B43F4EDBDF86}.Release|x64.Build.0 = Release|x64
		{DC66120B-1DE8-4BCD-923F-B43F4EDBDF86}.Release|x86.ActiveCfg = Release|Win32
		{DC66120B-1DE8-4BCD-923F-B43F4EDBDF86}.Release|x86.Build.0 = Release|Win32
		{2064ED6D-FDA1-4B6C-A6A1-326D7B0661C0}.Debug|x64.ActiveCfg = Debug|x64
		{2064ED6D-FDA1-4B6C-A6A1-326D7B0661C0}.Debug|x64.Build.0 = Debug|x64
		{2064ED6D-FDA1-4B6C-A6A1-326D7B0661C0}.Debug|x86.ActiveCfg = Debug|Win32
		{2064ED6D-FDA1-4B6C-A6A1-326D7B0661C0}.Debug|x86.Build.0 = Debug|Win32
		{2064ED6D-FDA1-4B6C-A6A1-326D7B0661C0}.Release|x64.ActiveCfg = Release|x64
		{2064ED6D-FDA1-4B6C-A6A1-326D7B0661C0}.Release|x64.Build.0 = Release|x64
		{2064ED6D-FDA1-4B6C-A6A1-326D7B0661C0}.Release|x86.ActiveCfg = Release|Win32
		{2064ED6D-FDA1-4B6C-A6A1-326D7B0661C0}.Release|x86.Build.0 = Release|Win32
		{F9AB2C6C-4EA3-4DE2-B58B-C2622DDE2390}.Debug|x64.ActiveCfg = Debug|x64
		{F9AB2C6C-4EA3-4DE2-B58B-C2622DDE2390}.Debug|x64.Build.0 = Debug|x64
		{F9AB2C6C-4EA3-4DE2-B58B-C2622DDE2390}.Debug|x86.ActiveCfg = Debug|Win32
		{F9AB2C6C-4EA3-4DE2-B58B-C2622DDE2390}.Debug|x86.Build.0 = Debug|Win32
		{F9AB2C6C-4EA3-4DE2-B58B-C2622DDE2390}.Release|x64.ActiveCfg = Release|x64
		{F9AB2C6C-4EA3-4DE2-B58B-C2622DDE2390}.Release|x64.Build.0 = Release|x64
		{F9AB2C6C-4EA3-4DE2-B58B-C2622DDE2390}.Release|x86.ActiveCfg = Release|Win32
		{F9AB2C6C-4EA3-4DE2-B58B-C2622DDE2390}.Release|x86.Build.0 = Release|Win32
		{BB599917-F373-4543-B27F-F6A6E097A493}.Debug|x64.ActiveCfg = Debug|x64
		{BB599917-F373-4543-B27F-F6A6E097A493}.Debug|x64.Build.0 = Debug|x64
		{BB599917-F373-4543-B27F-F6A6E097A493}.Debug|x86.ActiveCfg = Debug|Win32
		{BB599917-F373-4543-B27F-F6A6E097A493}.Debug|x86.Build.0 = Debug|Win32
		{BB599917-F373-4543-B27F-F6A6E097A493}.Release|x64.ActiveCfg = Release|x64
		{BB599917-F373-4543-B27F-F6A6E097A493}.Release|x64.Build.0 = Release|x64
		{BB599917-F373-4543-B27F-F6A6E097A493}.Release|x86.ActiveCfg = Release|Win32
		{BB599917-F373-4543-B27F-F6A6E097A493}.Release|x86.Build.0 = Release|Win32
		{76337F88-114D-47B8-980C-A9931DDA2B7F}.Debug|x64.ActiveCfg = Debug|x64
		{76337F88-114D-47B8-980C-A9931DDA2B7F}.Debug|x64.Build.0 = Debug|x64
		{76337F88-114D-47B8-980C-A9931DDA2B7F}.Debug|x86.ActiveCfg = Debug|Win32
		{76337F88-114D-47B8-980C-A9931DDA2B7F}.Debug|x86.Build.0 = Debug|Win32
		{76337F88-114D-47B8-980C-A9931DDA2B7F}.Release|x64.ActiveCfg = Release|x64
		{76337F88-114D-47B8-980C-A9931DDA2B7F}.Release|x64.Build.0 = Release|x64
		{76337F88-114D-47B8-980C-A9931DDA2B7F}.Release|x86.ActiveCfg = Release|Win32
		{76337F88-114D-47B8-980C-A9931DDA2B7F}.Release|x86.Build.0 = Release|Win32
		{8844D5EB-76DA-45D3-B6B7-CC5DC2EA7794}.Debug|x64.ActiveCfg = Debug|x64
		{8844D5EB-76DA-45D3-B6B7-CC5DC2EA7794}.Debug|x64.Build.0 = Debug|x64
		{8844D5EB-76DA-45D3-B6B7-CC5DC2EA7794}.Debug|x86.ActiveCfg = Debug|Win32
		{8844D5EB-76DA-45D3-B6B7-CC5DC2EA7794}.Debug|x86.Build.0 = Debug|Win32
		{8844D5EB-76DA-45D3-B6B7-CC5DC2EA7794}.Release|x64.ActiveCfg = Release|x64
		{8844D5EB-76DA-45D3-B6B7-CC5DC2EA7794}.Release|x64.Build.0 = Release|x64
		{8844D5EB-76DA-45D3-B6B7-CC5DC2EA7794}.Release|x86.ActiveCfg = Release|Win32
		{8844D5EB-76DA-45D3-B6B7-CC5DC2EA7794}.Release|x86.Build.0 = Release|Win32
		{F0320CE4-B879-487E-AC1A-96FB70D60D50}.Debug|x64.ActiveCfg = Debug|x64
		{F0320CE4-B879-487E-AC1A-96FB70D60D50}.Debug|x64.Build.0 = Debug|x64
		{F0320CE4-B879-487E-AC1A-96FB70D60D50}.Debug|x86.ActiveCfg = Debug|Win32
		{F0320CE4-B879-487E-AC1A-96FB70D60D50}.Debug|x86.Build.0 = Debug|Win32
		{F0320CE4-B879-487E-AC1A-96FB70D60D50}.Release|x64.ActiveCfg = Release|x64
		{F0320CE4-B879-487E-AC1A-96FB70D60D50}.Release|x64.Build.0 = Release|x64
		{F0320CE4-B879-487E-AC1A-96FB70D60D50}.Release|x86.ActiveCfg = Release|Win32
		{F0320CE4-B879-487E-AC1A-96FB70D60D50}.Release|x86.Build.0 = Release|Win32
		{DB7AB51C-1D32-4DF9-A0AC-97CD3233FF21}.Debug|x64.ActiveCfg = Debug|x64
		{DB7AB51C-1D32-4DF9-A0AC-97CD3233FF21}.Debug|x64.Build.0 = Debug|x64
		{DB7AB51C-1D32-4DF9-A0AC-97CD3233FF21}.Debug|x86.ActiveCfg = Debug|Win32
		{DB7AB51C-1D32-4DF9-A0AC-97CD3233FF21}.Debug|x86.Build.0 = Debug|Win32
		{DB7AB51C-1D32-4DF9-A0AC-97CD3233FF21}.Release|x64.ActiveCfg = Release|x64
		{DB7AB51C-1D32-4DF9-A0AC-97CD3233FF21}.Release|x64.Build.0 = Release|x64
		{DB7AB51C-1D32-4DF9-A0AC-97CD3233FF21}.Release|x86.ActiveCfg = Release|Win32
		{DB7AB51C-1D32-4DF9-A0AC-97CD3233FF21}.Release|x86.Build.0 = Release|Win32
		{F4BAFF4F-3280-48C7-9668-816B27C6F20E}.Debug|x64.ActiveCfg = Debug|x64
		{F4BAFF4F-3280-48C7-9668-816B27C6F20E}.Debug|x64.Build.0 = Debug|x64
		{F4BAFF4F-3280-48C7-9668-816B27C6F20E}.Debug|x86.ActiveCfg = Debug|Win32
		{F4BAFF4F-3280-48C7-9668-816B27C6F20E}.Debug|x86.Build.0 = Debug|Win32
		{F4BAFF4F-3280-48C7-9668-816B27C6F20E}.Release|x64.ActiveCfg = Release|x64
		{F4BAFF4F-3280-48C7-9668-816B27C6F20E}.Release|x64.Build.0 = Release|x64
		{F4BAFF4F-3280-48C7-9668-816B27C6F20E}.Release|x86.ActiveCfg = Release|Win32
		{F4BAFF4F-3280-48C7-9668-816B27C6F20E}.Release|x86.Build.0 = Release|Win32
		{0AEC2F10-23B3-4F75-8A1A-DE13761D1249}.Debug|x64.ActiveCfg = Debug|x64
		{0AEC2F10-23B3-4F75-8A1A-DE13761D1249}.Debug|x64.Build.0 = Debug|x64
		{0AEC2F10-23B3-4F75-8A1A-DE13761D1249}.Debug|x86.ActiveCfg = Debug|Win32
		{0AEC2F10-23B3-4F75-8A1A-DE13761D1249}.Debug|x86.Build.0 = Debug|Win32
		{0AEC2F10-23B3-4F75-8A1A-DE13761D1249}.Release|x64.ActiveCfg = Release|x64
		{0AEC2F10-23B3-4F75-8A1A-DE13761D1249}.Release|x64.Build.0 = Release|x64
		{0AEC2F10-23B3-4F75-8A1A-DE13761D1249}.Release|x86.ActiveCfg = Release|Win32
		{0AEC2F10-23B3-4F75-8A1A-DE13761D1249}.Release|x86.Build.0 = Release|Win32
		{3F25B53D-90F2-4B92-A84F-01F03D12C905}.Debug|x64.ActiveCfg = Debug|x64
		{3F25B53D-90F2-4B92-A84F-01F03D12C905}.Debug|x64.Build.0 = Debug|x64
		{3F25B53D-90F2-4B92-A84F-01F03D12C905}.Debug|x86.ActiveCfg = Debug|Win32
		{3F25B53D-90F2-4B92-A84F-01F03D12C905}.Debug|x86.Build.0 = Debug|Win32
		{3F25B53D-90F2-4B92-A84F-01F03D12C905}.Release|x64.ActiveCfg = Release|x64
		{3F25B53D-90F2-4B92-A84F-01F03D12C905}.Release|x64.Build.0 = Release|x64
		{3F25B53D-90F2-4B92-A84F-01F03D12C905}.Release|x86.ActiveCfg = Release|Win32
		{3F25B53D-90F2-4B92-A84F-01F03D12C905}.Release|x86.Build.0 = Release|Win32
		{4BA52A5A-5850-4B6C-B4C1-17AD147AFB09}.Debug|x64.ActiveCfg = Debug|x64
		{4BA52A5A-5850-4B6C-B4C1-17AD147AFB09}.Debug|x64.Build.0 = Debug|x64
		{4BA52A5A-5850-4B6C-B4C1-17AD147AFB09}.Debug|x86.ActiveCfg = Debug|Win32
		{4BA52A5A-5850-4B6C-B4C1-17AD147AFB09}.Debug|x86.Build.0 = Debug|Win32
		{4BA52A5A-5850-4B6C-B4C1-17AD147AFB09}.Release|x64.ActiveCfg = Release|x64
		{4BA52A5A-5850-4B6C-B4C1-17AD147AFB09}.Release|x64.Build.0 = Release|x64
		{4BA52A5A-5850-4B6C-B4C1-17AD147AFB09}.Release|x86.ActiveCfg = Release|Win32
		{4BA52A5A-5850-4B6C-B4C1-17AD147AFB09}.Release|x86.Build.0 = Release|Win32
		{2A7A9911-5997-4ED3-89BE-BAABDFAA073C}.Debug|x64.ActiveCfg = Debug|x64
		{2A7A9911-5997-4ED3-89BE-BAABDFAA073C}.Debug|x64.Build.0 = Debug|x64
		{2A7A9911-5997-4ED3-89BE-BAABDFAA073C}.Debug|x86.ActiveCfg = Debug|Win32
		{2A7A9911-5997-4ED3-89BE-BAABDFAA073C}.Debug|x86.Build.0 = Debug|Win32
		{2A7A9911-5997-4ED3-89BE-BAABDFAA073C}.Release|x64.ActiveCfg = Release|x64
		{2A7A9911-5997-4ED3-89BE-BAABDFAA073C}.Release|x64.Build.0 = Release|x64
		{2A7A9911-5997-4ED3-89BE-BAABDFAA073C}.Release|x86.ActiveCfg = Release|Win32
		{2A7A9911-5997-4ED3-89BE-BAABDFAA073C}.Release|x86.Build.0 = Release|Win32
		{924FFDE0-BE4C-4F4A-959C-A4F0A99E02FC}.Debug|x64.ActiveCfg = Debug|x64
		{924FFDE0-BE4C-4F4A-959C-A4F0A99E02FC}.Debug|x64.Build.0 = Debug|x64
		{924FFDE0-BE4C-4F4A-959C-A4F0A99E02FC}.Debug|x86.ActiveCfg = Debug|Win32
		{924FFDE0-BE4C-4F4A-959C-A4F0A99E02FC}.Debug|x86.Build.0 = Debug|Win32
		{924FFDE0-BE4C-4F4A-959C-A4F0A99E02FC}.Release|x64.ActiveCfg = Release|x64
		{924FFDE0-BE4C-4F4A-959C-A4F0A99E02FC}.Release|x64.Build.0 = Release|x64
		{924FFDE0-BE4C-4F4A-959C-A4F0A99E02FC}.Release|x86.ActiveCfg = Release|Win32
		{924FFDE0-BE4C-4F4A-959C-A4F0A99E02FC}.Release|x86.Build.0 = Release|Win32
		{3A64154D-BE1E-46DF-932A-C70D6722718B}.Debug|x64.ActiveCfg = Debug|x64
		{3A64154D-BE1E-46DF-932A-C70D6722718B}.Debug|x64.Build.0 = Debug|x64
		{3A64154D-BE1E-46DF-932A-C70D6722718B}.Debug|x86.ActiveCfg = Debug|Win32
		{3A64154D-BE1E-46DF-932A-C70D6722718B}.Debug|x86.Build.0 = Debug|Win32
		{3A64154D-BE1E-46DF-932A-C70D6722718B}.Release|x64.ActiveCfg = Release|x64
		{3A64154D-BE1E-46DF-932A-C70D6722718B}.Release|x64.Build.0 = Release|x64
		{3A64154D-BE1E-46DF-932A-C70D6722718B}.Release|x86.ActiveCfg = Release|Win32
		{3A64154D-BE1E-46DF-932A-C70D6722718B}.Release|x86.Build.0 = Release|Win32
		{F4BD791E-5E49-4474-8AAF-7CEEBA50549A}.Debug|x64.ActiveCfg = Debug|x64
		{F4BD791E-5E49-4474-8AAF-7CEEBA50549A}.Debug|x64.Build.0 = Debug|x64
		{F4BD791E-5E49-4474-8AAF-7CEEBA50549A}.Debug|x86.ActiveCfg = Debug|Win32
		{F4BD791E-5E49-4474-8AAF-7CEEBA50549A}.Debug|x86.Build.0 = Debug|Win32
		{F4BD791E-5E49-4474-8AAF-7CEEBA50549A}.Release|x64.ActiveCfg = Release|x64
		{F4BD791E-5E49-4474-8AAF-7CEEBA50549A}.Release|x64.Build.0 = Release|x64
		{F4BD791E-5E49-4474-8AAF-7CEEBA50549A}.Release|x86.ActiveCfg = Release|Win32
		{F4BD791E-5E49-4474-8AAF-7CEEBA50549A}.Release|x86.Build.0 = Release|Win32
		{202ADC55-05B9-4A4A-BA10-4BE16B0BE3F3}.Debug|x64.ActiveCfg = Debug|x64
		{202ADC55-05B9-4A4A-BA10-4BE16B0BE3F3}.Debug|x64.Build.0 = Debug|x64
		{202ADC55-05B9-4A4A-BA10-4BE16B0BE3F3}.Debug|x86.ActiveCfg = Debug|Win32
		{202ADC55-05B9-4A4A-BA10-4BE16B0BE3F3}.Debug|x86.Build.0 = Debug|Win32
		{202ADC55-05B9-4A4A-BA10-4BE16B0BE3F3}.Release|x64.ActiveCfg = Release|x64
		{202ADC55-05B9-4A4A-BA10-4BE16B0BE3F3}.Release|x64.Build.0 = Release|x64
		{202ADC55-05B9-4A4A-BA10-4BE16B0BE3F3}.Release|x86.ActiveCfg = Release|Win32
		{202ADC55-05B9-4A4A-BA10-4BE16B0BE3F3}.Release|x86.Build.0 = Release|Win32
		{5A1CE693-3B20-46AD-AF3D-F485F24F5467}.Debug|x64.ActiveCfg = Debug|x64
		{5A1CE693-3B20-46AD-AF3D-F485F24F5467}.Debug|x64.Build.0 = Debug|x64
		{5A1CE693-3B20-46AD-AF3D-F485F24F5467}.Debug|x86.ActiveCfg = Debug|Win32
		{5A1CE693-3B20-46AD-AF3D-F485F24F5467}.Debug|x86.Build.0 = Debug|Win32
		{5A1CE693-3B20-46AD-AF3D-F485F24F5467}.Release|x64.ActiveCfg = Release|x64
		{5A1CE693-3B20-46AD-AF3D-F485F24F5467}.Release|x64.Build.0 = Release|x64
		{5A1CE693-3B20-46AD-AF3D-F485F24F5467}.Release|x86.ActiveCfg = Release|Win32
		{5A1CE693-3B20-46AD-AF3D-F485F24F5467}.Release|x86.Build.0 = Release|Win32
		{2C5C14B6-5ACC-48EA-8D13-3B80F687CEB6}.Debug|x64.ActiveCfg = Debug|x64
		{2C5C14B6-5ACC-48EA-8D13-3B80F687CEB6}.Debug|x64.Build.0 = Debug|x64
		{2C5C14B6-5ACC-48EA-8D13-3B80F687CEB6}.Debug|x86.ActiveCfg = Debug|Win32
		{2C5C14B6-5ACC-48EA-8D13-3B80F687CEB6}.Debug|x86.Build.0 = Debug|Win32
		{2C5C14B6-5ACC-48EA-8D13-3B80F687CEB6}.Release|x64.ActiveCfg = Release|x64
		{2C5C14B6-5ACC-48EA-8D13-3B80F687CEB6}.Release|x64.Build.0 = Release|x64
		{2C5C14B6-5ACC-48EA-8D13-3B80F687CEB6}.Release|x86.ActiveCfg = Release|Win32
		{2C5C14B6-5ACC-48EA-8D13-3B80F687CEB6}.Release|x86.Build.0 = Release|Win32
		{5F3C4CBF-9B15-44DE-86A0-5FC7D8EE742B}.Debug|x64.ActiveCfg = Debug|x64
		{5F3C4CBF-9B15-44DE-86A0-5FC7D8EE742B}.Debug|x64.Build.0 = Debug|x64
		{5F3C4CBF-9B15-44DE-86A0-5FC7D8EE742B}.Debug|x86.ActiveCfg = Debug|Win32
		{5F3C4CBF-9B15-44DE-86A0-5FC7D8EE742B}.Debug|x86.Build.0 = Debug|Win32
		{5F3C4CBF-9B15-44DE-86A0-5FC7D8EE742B}.Release|x64.ActiveCfg = Release|x64
		{5F3C4CBF-9B15-44DE-86A0-5FC7D8EE742B}.Release|x64.Build.0 = Release|x64
		{5F3C4CBF-9B15-44DE-86A0-5FC7D8EE742B}.Release|x86.ActiveCfg = Release|Win32
		{5F3C4CBF-9B15-44DE-86A0-5FC7D8EE742B}.Release|x86.Build.0 = Release|Win32
		{6CF8B1D7-82EC-442D-B49D-C1F74118C30D}.Debug|x64.ActiveCfg = Debug|x64
		{6CF8B1D7-82EC-442D-B49D-C1F74118C30D}.Debug|x64.Build.0 = Debug|x64
		{6CF8B1D7-82EC-442D-B49D-C1F74118C30D}.Debug|x86.ActiveCfg = Debug|Win32
		{6CF8B1D7-82EC-442D-B49D-C1F74118C30D}.Debug|x86.Build.0 = Debug|Win32
		{6CF8B1D7-82EC-442D-B49D-C1F74118C30D}.Release|x64.ActiveCfg = Release|x64
		{6CF8B1D7-82EC-442D-B49D-C1F74118C30D}.Release|x64.Build.0 = Release|x64
		{6CF8B1D7-82EC-442D-B49D-C1F74118C30D}.Release|x86.ActiveCfg = Release|Win32
		{6CF8B1D7-82EC-442D-B49D-C1F74118C30D}.Release|x86.Build.0 = Release|Win32
		{78895EC7-AD77-4C99-B234-6DD1661F5BB2}.Debug|x64.ActiveCfg = Debug|x64
		{78895EC7-AD77-4C99-B234-6DD1661F5BB2}.Debug|x64.Build.0 = Debug|x64
		{78895EC7-AD77-4C99-B234-6DD1661F5BB2}.Debug|x86.ActiveCfg = Debug|Win32
		{78895EC7-AD77-4C99-B234-6DD1661F5BB2}.Debug|x86.Build.0 = Debug|Win32
		{78895EC7-AD77-4C99-B234-6DD1661F5BB2}.Release|x64.ActiveCfg = Release|x64
		{78895EC7-AD77-4C99-B234-6DD1661F5BB2}.Release|x64.Build.0 = Release|x64
		{78895EC7-AD77-4C99-B234-6DD1661F5BB2}.Release|x86.ActiveCfg = Release|Win32
		{78895EC7-AD77-4C99-B234-6DD1661F5BB2}.Release|x86.Build.0 = Release|Win32
		{8C97FA45-8ACC-451B-8AF6-EFC22C7C6E4C}.Debug|x64.ActiveCfg = Debug|x64
		{8C97FA45-8ACC-451B-8AF6-EFC22C7C6E4C}.Debug|x64.Build.0 = Debug|x64
		{8C97FA45-8ACC-451B-8AF6-EFC22C7C6E4C}.Debug|x86.ActiveCfg = Debug|Win32
		{8C97FA45-8ACC-451B-8AF6-EFC22C7C6E4C}.Debug|x86.Build.0 = Debug|Win32
		{8C97FA45-8ACC-451B-8AF6-EFC22C7C6E4C}.Release|x64.ActiveCfg = Release|x64
		{8C97FA45-8ACC-451B-8AF6-EFC22C7C6E4C}.Release|x64.Build.0 = Release|x64
		{8C97FA45-8ACC-451B-8AF6-EFC22C7C6E4C}.Release|x86.ActiveCfg = Release|Win32
		{8C97FA45-8ACC-451B-8AF6-EFC22C7C6E4C}.Release|x86.Build.0 = Release|Win32
		{3893F072-F725-478D-B9E3-8C0D5AE29CFA}.Debug|x64.ActiveCfg = Debug|x64
		{3893F072-F725-478D-B9E3-8C0D5AE29CFA}.Debug|x64.Build.0 = Debug|x64
		{3893F072-F725-478D-B9E3-8C0D5AE29CFA}.Debug|x86.ActiveCfg = Debug|Win32
		{3893F072-F725-478D-B9E3-8C0D5AE29CFA}.Debug|x86.Build.0 = Debug|Win32
		{3893F072-F725-478D-B9E3-8C0D5AE29CFA}.Release|x64.ActiveCfg = Release|x64
		{3893F072-F725-478D-B9E3-8C0D5AE29CFA}.Release|x64.Build.0 = Release|x64
		{3893F072-F725-478D-B9E3-8C0D5AE29CFA}.Release|x86.ActiveCfg = Release|Win32
		{3893F072-F725-478D-B9E3-8C0D5AE29CFA}.Release|x86.Build.0 = Release|Win32
		{95BA421A-B1FA-4841-8AAF-5F439FD5C43E}.Debug|x64.ActiveCfg = Debug|x64
		{95BA421A-B1FA-4841-8AAF-5F439FD5C43E}.Debug|x64.Build.0 = Debug|x64
		{95BA421A-B1FA-4841-8AAF-5F439FD5C43E}.Debug|x86.ActiveCfg = Debug|Win32
		{95BA421A-B1FA-4841-8AAF-5F439FD5C43E}.Debug|x86.Build.0 = Debug|Win32
		{95BA421A-B1FA-4841-8AAF-5F439FD5C43E}.Release|x64.ActiveCfg = Release|x64
		{95BA421A-B1FA-4841-8AAF-5F439FD5C43E}.Release|x64.Build.0 = Release|x64
		{95BA421A-B1FA-4841-8AAF-5F439FD5C43E}.Release|x86.ActiveCfg = Release|Win32
		{95BA421A-B1FA-4841-8AAF-5F439FD5C43E}.Release|x86.Build.0 = Release|Win32
		{1D3DAA2F-4EA6-4E11-8C47-93378C1A46BF}.Debug|x64.ActiveCfg = Debug|x64
		{1D3DAA2F-4EA6-4E11-8C47-93378C1A46BF}.Debug|x64.Build.0 = Debug|x64
		{1D3DAA2F-4EA6-4E11-8C47-93378C1A46BF}.Debug|x86.ActiveCfg = Debug|Win32
		{1D3DAA2F-4EA6-4E11-8C47-93378C1A46BF}.Debug|x86.Build.0 = Debug|Win32
		{1D3DAA2F-4EA6-4E11-8C47-93378C1A46BF}.Release|x64.ActiveCfg = Release|x64
		{1D3DAA2F-4EA6-4E11-8C47-93378C1A46BF}.Release|x64.Build.0 = Release|x64
		{1D3DAA2F-4EA6-4E11-8C47-93378C1A46BF}.Release|x86.ActiveCfg = Release|Win32
		{1D3DAA2F-4EA6-4E11-8C47-93378C1A46BF}.Release|x86.Build.0 = Release|Win32
		{D8079F65-FD3F-4BAC-8726-79CC34DF06C0}.Debug|x64.ActiveCfg = Debug|x64
		{D8079F65-FD3F-4BAC-8726-79CC34DF06C0}.Debug|x64.Build.0 = Debug|x64
		{D8079F65-FD3F-4BAC-8726-79CC34DF06C0}.Debug|x86.ActiveCfg = Debug|Win32
		{D8079F65-FD3F-4BAC-8726-79CC34DF06C0}.Debug|x86.Build.0 = Debug|Win32
		{D8079F65-FD3F-4BAC-8726-79CC34DF06C0}.Release|x64.ActiveCfg = Release|x64
		{D8079F65-FD3F-4BAC-8726-79CC34DF06C0}.Release|x64.Build.0 = Release|x64
		{D8079F65-FD3F-4BAC-8726-79CC34DF06C0}.Release|x86.ActiveCfg = Release|Win32
		{D8079F65-FD3F-4BAC-8726-79CC34DF06C0}.Release|x86.Build.0 = Release|Win32
		{B9F0C96F-4010-4017-AB07-86676E398D6B}.Debug|x64.ActiveCfg = Debug|x64
		{B9F0C96F-4010-4017-AB07-86676E398D6B}.Debug|x64.Build.0 = Debug|x64
		{B9F0C96F-4010-4017-AB07-86676E398D6B}.Debug|x86.ActiveCfg = Debug|Win32
		{B9F0C96F-4010-4017-AB07-86676E398D6B}.Debug|x86.Build.0 = Debug|Win32
		{B9F0C96F-4010-4017-AB07-86676E398D6B}.Release|x64.ActiveCfg = Release|x64
		{B9F0C96F-4010-4017-AB07-86676E398D6B}.Release|x64.Build.0 = Release|x64
		{B9F0C96F-4010-4017-AB07-86676E398D6B}.Release|x86.ActiveCfg = Release|Win32
		{B9F0C96F-4010-4017-AB07-86676E398D6B}.Release|x86.Build.0 = Release|Win32
		{C5A3865E-B1EA-4D01-A1DF-9EA03883F5B3}.Debug|x64.ActiveCfg = Debug|x64
		{C5A3865E-B1EA-4D01-A1DF-9EA03883F5B3}.Debug|x64.Build.0 = Debug|x64
		{C5A3865E-B1EA-4D01-A1DF-9EA03883F5B3}.Debug|x86.ActiveCfg = Debug|Win32
		{C5A3865E-B1EA-4D01-A1DF-9EA03883F5B3}.Debug|x86.Build.0 = Debug|Win32
		{C5A3865E-B1EA-4D01-A1DF-9EA03883F5B3}.Release|x64.ActiveCfg = Release|x64
		{C5A3865E-B1EA-4D01-A1DF-9EA03883F5B3}.Release|x64.Build.0 = Release|x64
		{C5A3865E-B1EA-4D01-A1DF-9EA03883F5B3}.Release|x86.ActiveCfg = Release|Win32
		{C5A3865E-B1EA-4D01-A1DF-9EA03883F5B3}.Release|x86.Build.0 = Release|Win32
		{102381EB-CEAC-4F6F-88CE-7B0876FABC5B}.Debug|x64.ActiveCfg = Debug|x64
		{102381EB-CEAC-4F6F-88CE-7B0876FABC5B}.Debug|x64.Build.0 = Debug|x64
		{102381EB-CEAC-4F6F-88CE-7B0876FABC5B}.Debug|x86.ActiveCfg = Debug|Win32
		{102381EB-CEAC-4F6F-88CE-7B0876FABC5B}.Debug|x86.Build.0 = Debug|Win32
		{102381EB-CEAC-4F6F-88CE-7B0876FABC5B}.Release|x64.ActiveCfg = Release|x64
		{102381EB-CEAC-4F6F-88CE-7B0876FABC5B}.Release|x64.Build.0 = Release|x64
		{102381EB-CEAC-4F6F-88CE-7B0876FABC5B}.Release|x86.ActiveCfg = Release|Win32
		{102381EB-CEAC-4F6F-88CE-7B0876FABC5B}.Release|x86.Build.0 = Release|Win32
		{BF299FD0-A492-476F-94BC-B42F21089442}.Debug|x64.ActiveCfg = Debug|x64
		{BF299FD0-A492-476F-94BC-B42F21089442}.Debug|x64.Build.0 = Debug|x64
		{BF299FD0-A492-476F-94BC-B42F21089442}.Debug|x86.ActiveCfg = Debug|Win32
		{BF299FD0-A492-476F-94BC-B42F21089442}.Debug|x86.Build.0 = Debug|Win32
		{BF299FD0-A492-476F-94BC-B42F21089442}.Release|x64.ActiveCfg = Release|x64
		{BF299FD0-A492-476F-94BC-B42F21089442}.Release|x64.Build.0 = Release|x64
		{BF299FD0-A492-476F-94BC-B42F21089442}.Release|x86.ActiveCfg = Release|Win32
		{BF299FD0-A492-476F-94BC-B42F21089442}.Release|x86.Build.0 = Release|Win32
	EndGlobalSection
	GlobalSection(SolutionProperties) = preSolution
		HideSolutionNode = FALSE
	EndGlobalSection
	GlobalSection(ExtensibilityGlobals) = postSolution
		SolutionGuid = {096AD54C-23C6-4E4F-B9E3-5CEBACF9F432}
	EndGlobalSection
EndGlobal
